
Microsoft Visual Studio Solution File, Format Version 12.00
# Visual Studio Version 17
VisualStudioVersion = 17.12.35527.113 d17.12
MinimumVisualStudioVersion = 10.0.40219.1
Project("{FAE04EC0-301F-11D3-BF4B-00C04F79EFBC}") = "MainCase01", "MainCase01\MainCase01.csproj", "{E39FC63C-F2D9-4A2B-AD4C-B90F1E117DF0}"
EndProject
Global
	GlobalSection(SolutionConfigurationPlatforms) = preSolution
		Debug|Any CPU = Debug|Any CPU
		Release|Any CPU = Release|Any CPU
	EndGlobalSection
	GlobalSection(ProjectConfigurationPlatforms) = postSolution
		{E39FC63C-F2D9-4A2B-AD4C-B90F1E117DF0}.Debug|Any CPU.ActiveCfg = Debug|Any CPU
		{E39FC63C-F2D9-4A2B-AD4C-B90F1E117DF0}.Debug|Any CPU.Build.0 = Debug|Any CPU
		{E39FC63C-F2D9-4A2B-AD4C-B90F1E117DF0}.Release|Any CPU.ActiveCfg = Release|Any CPU
		{E39FC63C-F2D9-4A2B-AD4C-B90F1E117DF0}.Release|Any CPU.Build.0 = Release|Any CPU
	EndGlobalSection
	GlobalSection(SolutionProperties) = preSolution
		HideSolutionNode = FALSE
	EndGlobalSection
EndGlobal
