
Microsoft Visual Studio Solution File, Format Version 12.00
# Visual Studio Version 17
VisualStudioVersion = 17.12.35521.163
MinimumVisualStudioVersion = 10.0.40219.1
Project("{FAE04EC0-301F-11D3-BF4B-00C04F79EFBC}") = "1-委托案例", "1-委托案例\1-委托案例.csproj", "{054C1FBF-E687-4605-B1C4-AF08EE311108}"
EndProject
Project("{FAE04EC0-301F-11D3-BF4B-00C04F79EFBC}") = "2-匿名方法与Lambda表达式", "2-匿名方法与Lambda表达式\2-匿名方法与Lambda表达式.csproj", "{2BF1C9E9-6A3F-4462-80CA-C485BBEDC079}"
EndProject
Project("{FAE04EC0-301F-11D3-BF4B-00C04F79EFBC}") = "3-委托练习-字符串处理", "3-委托练习-字符串处理\3-委托练习-字符串处理.csproj", "{1DF3208A-2647-4D7D-8230-FB0A0E363BAB}"
EndProject
Project("{FAE04EC0-301F-11D3-BF4B-00C04F79EFBC}") = "4-泛型委托练习-求数组最大值", "4-泛型委托练习-求数组最大值\4-泛型委托练习-求数组最大值.csproj", "{DFD21DFA-7B6B-4F84-A289-A2C222F2DE6C}"
EndProject
Project("{FAE04EC0-301F-11D3-BF4B-00C04F79EFBC}") = "5-Action和Fun", "5-Action和Fun\5-Action和Fun.csproj", "{6B4550A5-6C1B-4F61-9781-DF8DFD053E5B}"
EndProject
Project("{2150E333-8FDC-42A3-9474-1A3956D46DE8}") = "6-委托实现窗口传值", "6-委托实现窗口传值", "{F0EEF133-C172-4625-AB65-D91FE456F1F8}"
EndProject
Project("{FAE04EC0-301F-11D3-BF4B-00C04F79EFBC}") = "主窗口", "主窗口\主窗口.csproj", "{74905194-EC9B-41C9-9AE4-4FF0A091FEC1}"
EndProject
Project("{FAE04EC0-301F-11D3-BF4B-00C04F79EFBC}") = "7-多播委托", "7-多播委托\7-多播委托.csproj", "{8ED8404C-7478-4352-B30F-79B49641B6BD}"
EndProject
Project("{FAE04EC0-301F-11D3-BF4B-00C04F79EFBC}") = "8-反射基本用法", "8-反射基本用法\8-反射基本用法.csproj", "{EAE16F33-2B9F-49C6-8CF1-AEDFECDF154E}"
EndProject
Project("{2150E333-8FDC-42A3-9474-1A3956D46DE8}") = "9-反射程序集", "9-反射程序集", "{FBFAF1E4-0BB6-4041-B42B-023891FA5B46}"
EndProject
Project("{FAE04EC0-301F-11D3-BF4B-00C04F79EFBC}") = "Test", "Test\Test.csproj", "{29CFA2F7-18AF-4ED3-AA5A-76B65083D006}"
EndProject
Project("{FAE04EC0-301F-11D3-BF4B-00C04F79EFBC}") = "Tools", "Tools\Tools.csproj", "{64C947C7-B504-4E2A-91AC-8D5A53D14EB6}"
EndProject
Project("{FAE04EC0-301F-11D3-BF4B-00C04F79EFBC}") = "10-反射的其他API", "10-反射的其他API\10-反射的其他API.csproj", "{D7A950DA-E3F7-487A-8C61-E1C82F3B89CF}"
EndProject
Project("{2150E333-8FDC-42A3-9474-1A3956D46DE8}") = "记事本项目", "记事本项目", "{273DE7FA-9C95-4342-99FD-E53EFC788DE2}"
EndProject
Project("{FAE04EC0-301F-11D3-BF4B-00C04F79EFBC}") = "Notepad", "Notepad\Notepad.csproj", "{268CFC75-CA83-4AE1-B959-6092D0C762AE}"
EndProject
Project("{FAE04EC0-301F-11D3-BF4B-00C04F79EFBC}") = "Notepad-Component-Rlue", "Notepad-Component-Rlue\Notepad-Component-Rlue.csproj", "{2F5BAAC8-19BE-4734-BDE4-093E37E9537F}"
EndProject
Project("{FAE04EC0-301F-11D3-BF4B-00C04F79EFBC}") = "StrToLower_Component", "StrToLower_Component\StrToLower_Component.csproj", "{C6CDB350-0160-4F76-908C-18BBDFEA9021}"
EndProject
Project("{FAE04EC0-301F-11D3-BF4B-00C04F79EFBC}") = "StrToUpper_Component", "StrToUpper_Component\StrToUpper_Component.csproj", "{D358B36A-EFE0-4749-82F6-52307C9A86A9}"
EndProject
Project("{2150E333-8FDC-42A3-9474-1A3956D46DE8}") = "计算器项目", "计算器项目", "{C23F282F-9221-48E4-AC4F-687C191982C8}"
EndProject
Project("{FAE04EC0-301F-11D3-BF4B-00C04F79EFBC}") = "Calculator", "Calculator\Calculator.csproj", "{DE42AF0E-DB8C-41B6-A75A-D20E10B8439A}"
EndProject
Project("{FAE04EC0-301F-11D3-BF4B-00C04F79EFBC}") = "Calculator_Component_Rule", "Calculator_Component_Rule\Calculator_Component_Rule.csproj", "{008F2056-9EE8-4807-BEF0-C83E92625C6C}"
EndProject
Global
	GlobalSection(SolutionConfigurationPlatforms) = preSolution
		Debug|Any CPU = Debug|Any CPU
		Release|Any CPU = Release|Any CPU
	EndGlobalSection
	GlobalSection(ProjectConfigurationPlatforms) = postSolution
		{054C1FBF-E687-4605-B1C4-AF08EE311108}.Debug|Any CPU.ActiveCfg = Debug|Any CPU
		{054C1FBF-E687-4605-B1C4-AF08EE311108}.Debug|Any CPU.Build.0 = Debug|Any CPU
		{054C1FBF-E687-4605-B1C4-AF08EE311108}.Release|Any CPU.ActiveCfg = Release|Any CPU
		{054C1FBF-E687-4605-B1C4-AF08EE311108}.Release|Any CPU.Build.0 = Release|Any CPU
		{2BF1C9E9-6A3F-4462-80CA-C485BBEDC079}.Debug|Any CPU.ActiveCfg = Debug|Any CPU
		{2BF1C9E9-6A3F-4462-80CA-C485BBEDC079}.Debug|Any CPU.Build.0 = Debug|Any CPU
		{2BF1C9E9-6A3F-4462-80CA-C485BBEDC079}.Release|Any CPU.ActiveCfg = Release|Any CPU
		{2BF1C9E9-6A3F-4462-80CA-C485BBEDC079}.Release|Any CPU.Build.0 = Release|Any CPU
		{1DF3208A-2647-4D7D-8230-FB0A0E363BAB}.Debug|Any CPU.ActiveCfg = Debug|Any CPU
		{1DF3208A-2647-4D7D-8230-FB0A0E363BAB}.Debug|Any CPU.Build.0 = Debug|Any CPU
		{1DF3208A-2647-4D7D-8230-FB0A0E363BAB}.Release|Any CPU.ActiveCfg = Release|Any CPU
		{1DF3208A-2647-4D7D-8230-FB0A0E363BAB}.Release|Any CPU.Build.0 = Release|Any CPU
		{DFD21DFA-7B6B-4F84-A289-A2C222F2DE6C}.Debug|Any CPU.ActiveCfg = Debug|Any CPU
		{DFD21DFA-7B6B-4F84-A289-A2C222F2DE6C}.Debug|Any CPU.Build.0 = Debug|Any CPU
		{DFD21DFA-7B6B-4F84-A289-A2C222F2DE6C}.Release|Any CPU.ActiveCfg = Release|Any CPU
		{DFD21DFA-7B6B-4F84-A289-A2C222F2DE6C}.Release|Any CPU.Build.0 = Release|Any CPU
		{6B4550A5-6C1B-4F61-9781-DF8DFD053E5B}.Debug|Any CPU.ActiveCfg = Debug|Any CPU
		{6B4550A5-6C1B-4F61-9781-DF8DFD053E5B}.Debug|Any CPU.Build.0 = Debug|Any CPU
		{6B4550A5-6C1B-4F61-9781-DF8DFD053E5B}.Release|Any CPU.ActiveCfg = Release|Any CPU
		{6B4550A5-6C1B-4F61-9781-DF8DFD053E5B}.Release|Any CPU.Build.0 = Release|Any CPU
		{74905194-EC9B-41C9-9AE4-4FF0A091FEC1}.Debug|Any CPU.ActiveCfg = Debug|Any CPU
		{74905194-EC9B-41C9-9AE4-4FF0A091FEC1}.Debug|Any CPU.Build.0 = Debug|Any CPU
		{74905194-EC9B-41C9-9AE4-4FF0A091FEC1}.Release|Any CPU.ActiveCfg = Release|Any CPU
		{74905194-EC9B-41C9-9AE4-4FF0A091FEC1}.Release|Any CPU.Build.0 = Release|Any CPU
		{8ED8404C-7478-4352-B30F-79B49641B6BD}.Debug|Any CPU.ActiveCfg = Debug|Any CPU
		{8ED8404C-7478-4352-B30F-79B49641B6BD}.Debug|Any CPU.Build.0 = Debug|Any CPU
		{8ED8404C-7478-4352-B30F-79B49641B6BD}.Release|Any CPU.ActiveCfg = Release|Any CPU
		{8ED8404C-7478-4352-B30F-79B49641B6BD}.Release|Any CPU.Build.0 = Release|Any CPU
		{EAE16F33-2B9F-49C6-8CF1-AEDFECDF154E}.Debug|Any CPU.ActiveCfg = Debug|Any CPU
		{EAE16F33-2B9F-49C6-8CF1-AEDFECDF154E}.Debug|Any CPU.Build.0 = Debug|Any CPU
		{EAE16F33-2B9F-49C6-8CF1-AEDFECDF154E}.Release|Any CPU.ActiveCfg = Release|Any CPU
		{EAE16F33-2B9F-49C6-8CF1-AEDFECDF154E}.Release|Any CPU.Build.0 = Release|Any CPU
		{29CFA2F7-18AF-4ED3-AA5A-76B65083D006}.Debug|Any CPU.ActiveCfg = Debug|Any CPU
		{29CFA2F7-18AF-4ED3-AA5A-76B65083D006}.Debug|Any CPU.Build.0 = Debug|Any CPU
		{29CFA2F7-18AF-4ED3-AA5A-76B65083D006}.Release|Any CPU.ActiveCfg = Release|Any CPU
		{29CFA2F7-18AF-4ED3-AA5A-76B65083D006}.Release|Any CPU.Build.0 = Release|Any CPU
		{64C947C7-B504-4E2A-91AC-8D5A53D14EB6}.Debug|Any CPU.ActiveCfg = Debug|Any CPU
		{64C947C7-B504-4E2A-91AC-8D5A53D14EB6}.Debug|Any CPU.Build.0 = Debug|Any CPU
		{64C947C7-B504-4E2A-91AC-8D5A53D14EB6}.Release|Any CPU.ActiveCfg = Release|Any CPU
		{64C947C7-B504-4E2A-91AC-8D5A53D14EB6}.Release|Any CPU.Build.0 = Release|Any CPU
		{D7A950DA-E3F7-487A-8C61-E1C82F3B89CF}.Debug|Any CPU.ActiveCfg = Debug|Any CPU
		{D7A950DA-E3F7-487A-8C61-E1C82F3B89CF}.Debug|Any CPU.Build.0 = Debug|Any CPU
		{D7A950DA-E3F7-487A-8C61-E1C82F3B89CF}.Release|Any CPU.ActiveCfg = Release|Any CPU
		{D7A950DA-E3F7-487A-8C61-E1C82F3B89CF}.Release|Any CPU.Build.0 = Release|Any CPU
		{268CFC75-CA83-4AE1-B959-6092D0C762AE}.Debug|Any CPU.ActiveCfg = Debug|Any CPU
		{268CFC75-CA83-4AE1-B959-6092D0C762AE}.Debug|Any CPU.Build.0 = Debug|Any CPU
		{268CFC75-CA83-4AE1-B959-6092D0C762AE}.Release|Any CPU.ActiveCfg = Release|Any CPU
		{268CFC75-CA83-4AE1-B959-6092D0C762AE}.Release|Any CPU.Build.0 = Release|Any CPU
		{2F5BAAC8-19BE-4734-BDE4-093E37E9537F}.Debug|Any CPU.ActiveCfg = Debug|Any CPU
		{2F5BAAC8-19BE-4734-BDE4-093E37E9537F}.Debug|Any CPU.Build.0 = Debug|Any CPU
		{2F5BAAC8-19BE-4734-BDE4-093E37E9537F}.Release|Any CPU.ActiveCfg = Release|Any CPU
		{2F5BAAC8-19BE-4734-BDE4-093E37E9537F}.Release|Any CPU.Build.0 = Release|Any CPU
		{C6CDB350-0160-4F76-908C-18BBDFEA9021}.Debug|Any CPU.ActiveCfg = Debug|Any CPU
		{C6CDB350-0160-4F76-908C-18BBDFEA9021}.Debug|Any CPU.Build.0 = Debug|Any CPU
		{C6CDB350-0160-4F76-908C-18BBDFEA9021}.Release|Any CPU.ActiveCfg = Release|Any CPU
		{C6CDB350-0160-4F76-908C-18BBDFEA9021}.Release|Any CPU.Build.0 = Release|Any CPU
		{D358B36A-EFE0-4749-82F6-52307C9A86A9}.Debug|Any CPU.ActiveCfg = Debug|Any CPU
		{D358B36A-EFE0-4749-82F6-52307C9A86A9}.Debug|Any CPU.Build.0 = Debug|Any CPU
		{D358B36A-EFE0-4749-82F6-52307C9A86A9}.Release|Any CPU.ActiveCfg = Release|Any CPU
		{D358B36A-EFE0-4749-82F6-52307C9A86A9}.Release|Any CPU.Build.0 = Release|Any CPU
		{DE42AF0E-DB8C-41B6-A75A-D20E10B8439A}.Debug|Any CPU.ActiveCfg = Debug|Any CPU
		{DE42AF0E-DB8C-41B6-A75A-D20E10B8439A}.Debug|Any CPU.Build.0 = Debug|Any CPU
		{DE42AF0E-DB8C-41B6-A75A-D20E10B8439A}.Release|Any CPU.ActiveCfg = Release|Any CPU
		{DE42AF0E-DB8C-41B6-A75A-D20E10B8439A}.Release|Any CPU.Build.0 = Release|Any CPU
		{008F2056-9EE8-4807-BEF0-C83E92625C6C}.Debug|Any CPU.ActiveCfg = Debug|Any CPU
		{008F2056-9EE8-4807-BEF0-C83E92625C6C}.Debug|Any CPU.Build.0 = Debug|Any CPU
		{008F2056-9EE8-4807-BEF0-C83E92625C6C}.Release|Any CPU.ActiveCfg = Release|Any CPU
		{008F2056-9EE8-4807-BEF0-C83E92625C6C}.Release|Any CPU.Build.0 = Release|Any CPU
	EndGlobalSection
	GlobalSection(SolutionProperties) = preSolution
		HideSolutionNode = FALSE
	EndGlobalSection
	GlobalSection(NestedProjects) = preSolution
		{74905194-EC9B-41C9-9AE4-4FF0A091FEC1} = {F0EEF133-C172-4625-AB65-D91FE456F1F8}
		{29CFA2F7-18AF-4ED3-AA5A-76B65083D006} = {FBFAF1E4-0BB6-4041-B42B-023891FA5B46}
		{64C947C7-B504-4E2A-91AC-8D5A53D14EB6} = {FBFAF1E4-0BB6-4041-B42B-023891FA5B46}
		{268CFC75-CA83-4AE1-B959-6092D0C762AE} = {273DE7FA-9C95-4342-99FD-E53EFC788DE2}
		{2F5BAAC8-19BE-4734-BDE4-093E37E9537F} = {273DE7FA-9C95-4342-99FD-E53EFC788DE2}
		{C6CDB350-0160-4F76-908C-18BBDFEA9021} = {273DE7FA-9C95-4342-99FD-E53EFC788DE2}
		{D358B36A-EFE0-4749-82F6-52307C9A86A9} = {273DE7FA-9C95-4342-99FD-E53EFC788DE2}
		{DE42AF0E-DB8C-41B6-A75A-D20E10B8439A} = {C23F282F-9221-48E4-AC4F-687C191982C8}
		{008F2056-9EE8-4807-BEF0-C83E92625C6C} = {C23F282F-9221-48E4-AC4F-687C191982C8}
	EndGlobalSection
EndGlobal
