
Microsoft Visual Studio Solution File, Format Version 12.00
# Visual Studio Version 17
VisualStudioVersion = 17.12.35527.113 d17.12
MinimumVisualStudioVersion = 10.0.40219.1
Project("{FAE04EC0-301F-11D3-BF4B-00C04F79EFBC}") = "ADOConnectionCase", "ADOConnectionCase\ADOConnectionCase.csproj", "{E43101A5-FF65-4FD2-ADBB-D986CDAE1741}"
EndProject
Project("{FAE04EC0-301F-11D3-BF4B-00C04F79EFBC}") = "Project01", "Project01\Project01.csproj", "{E1D7DB9E-8061-43D8-B749-C47CD37A12E5}"
EndProject
Project("{FAE04EC0-301F-11D3-BF4B-00C04F79EFBC}") = "数据库连接池实现", "数据库连接池实现\数据库连接池实现.csproj", "{765E45CD-B7A1-4E98-82D3-C92E52174D2E}"
EndProject
Project("{FAE04EC0-301F-11D3-BF4B-00C04F79EFBC}") = "用户登录_锁账号版", "用户登录_锁账号版\用户登录_锁账号版.csproj", "{9C1BD921-F2EE-441C-8BF2-E954F0773F13}"
EndProject
Project("{FAE04EC0-301F-11D3-BF4B-00C04F79EFBC}") = "05_数据库配置文件连接数据库", "05_数据库配置文件连接数据库\05_数据库配置文件连接数据库.csproj", "{25B4385C-B6CB-4709-BEC6-E241354B8687}"
EndProject
Project("{FAE04EC0-301F-11D3-BF4B-00C04F79EFBC}") = "06_导入文件1", "06_导入文件1\06_导入文件1.csproj", "{B8BC8887-B86A-478A-A1E6-9B2AD3431F3B}"
EndProject
Project("{FAE04EC0-301F-11D3-BF4B-00C04F79EFBC}") = "07_导出文件", "07_导出文件\07_导出文件.csproj", "{DC35709C-3E3A-4902-A35F-9905B604BE84}"
EndProject
Project("{FAE04EC0-301F-11D3-BF4B-00C04F79EFBC}") = "08_省市联动", "08_省市联动\08_省市联动.csproj", "{E9ACAE40-8A63-4868-B6B3-2E62AC03061C}"
EndProject
Global
	GlobalSection(SolutionConfigurationPlatforms) = preSolution
		Debug|Any CPU = Debug|Any CPU
		Release|Any CPU = Release|Any CPU
	EndGlobalSection
	GlobalSection(ProjectConfigurationPlatforms) = postSolution
		{E43101A5-FF65-4FD2-ADBB-D986CDAE1741}.Debug|Any CPU.ActiveCfg = Debug|Any CPU
		{E43101A5-FF65-4FD2-ADBB-D986CDAE1741}.Debug|Any CPU.Build.0 = Debug|Any CPU
		{E43101A5-FF65-4FD2-ADBB-D986CDAE1741}.Release|Any CPU.ActiveCfg = Release|Any CPU
		{E43101A5-FF65-4FD2-ADBB-D986CDAE1741}.Release|Any CPU.Build.0 = Release|Any CPU
		{E1D7DB9E-8061-43D8-B749-C47CD37A12E5}.Debug|Any CPU.ActiveCfg = Debug|Any CPU
		{E1D7DB9E-8061-43D8-B749-C47CD37A12E5}.Debug|Any CPU.Build.0 = Debug|Any CPU
		{E1D7DB9E-8061-43D8-B749-C47CD37A12E5}.Release|Any CPU.ActiveCfg = Release|Any CPU
		{E1D7DB9E-8061-43D8-B749-C47CD37A12E5}.Release|Any CPU.Build.0 = Release|Any CPU
		{765E45CD-B7A1-4E98-82D3-C92E52174D2E}.Debug|Any CPU.ActiveCfg = Debug|Any CPU
		{765E45CD-B7A1-4E98-82D3-C92E52174D2E}.Debug|Any CPU.Build.0 = Debug|Any CPU
		{765E45CD-B7A1-4E98-82D3-C92E52174D2E}.Release|Any CPU.ActiveCfg = Release|Any CPU
		{765E45CD-B7A1-4E98-82D3-C92E52174D2E}.Release|Any CPU.Build.0 = Release|Any CPU
		{9C1BD921-F2EE-441C-8BF2-E954F0773F13}.Debug|Any CPU.ActiveCfg = Debug|Any CPU
		{9C1BD921-F2EE-441C-8BF2-E954F0773F13}.Debug|Any CPU.Build.0 = Debug|Any CPU
		{9C1BD921-F2EE-441C-8BF2-E954F0773F13}.Release|Any CPU.ActiveCfg = Release|Any CPU
		{9C1BD921-F2EE-441C-8BF2-E954F0773F13}.Release|Any CPU.Build.0 = Release|Any CPU
		{25B4385C-B6CB-4709-BEC6-E241354B8687}.Debug|Any CPU.ActiveCfg = Debug|Any CPU
		{25B4385C-B6CB-4709-BEC6-E241354B8687}.Debug|Any CPU.Build.0 = Debug|Any CPU
		{25B4385C-B6CB-4709-BEC6-E241354B8687}.Release|Any CPU.ActiveCfg = Release|Any CPU
		{25B4385C-B6CB-4709-BEC6-E241354B8687}.Release|Any CPU.Build.0 = Release|Any CPU
		{B8BC8887-B86A-478A-A1E6-9B2AD3431F3B}.Debug|Any CPU.ActiveCfg = Debug|Any CPU
		{B8BC8887-B86A-478A-A1E6-9B2AD3431F3B}.Debug|Any CPU.Build.0 = Debug|Any CPU
		{B8BC8887-B86A-478A-A1E6-9B2AD3431F3B}.Release|Any CPU.ActiveCfg = Release|Any CPU
		{B8BC8887-B86A-478A-A1E6-9B2AD3431F3B}.Release|Any CPU.Build.0 = Release|Any CPU
		{DC35709C-3E3A-4902-A35F-9905B604BE84}.Debug|Any CPU.ActiveCfg = Debug|Any CPU
		{DC35709C-3E3A-4902-A35F-9905B604BE84}.Debug|Any CPU.Build.0 = Debug|Any CPU
		{DC35709C-3E3A-4902-A35F-9905B604BE84}.Release|Any CPU.ActiveCfg = Release|Any CPU
		{DC35709C-3E3A-4902-A35F-9905B604BE84}.Release|Any CPU.Build.0 = Release|Any CPU
		{E9ACAE40-8A63-4868-B6B3-2E62AC03061C}.Debug|Any CPU.ActiveCfg = Debug|Any CPU
		{E9ACAE40-8A63-4868-B6B3-2E62AC03061C}.Debug|Any CPU.Build.0 = Debug|Any CPU
		{E9ACAE40-8A63-4868-B6B3-2E62AC03061C}.Release|Any CPU.ActiveCfg = Release|Any CPU
		{E9ACAE40-8A63-4868-B6B3-2E62AC03061C}.Release|Any CPU.Build.0 = Release|Any CPU
	EndGlobalSection
	GlobalSection(SolutionProperties) = preSolution
		HideSolutionNode = FALSE
	EndGlobalSection
EndGlobal
