
Microsoft Visual Studio Solution File, Format Version 12.00
# Visual Studio Version 17
VisualStudioVersion = 17.12.35521.163 d17.12
MinimumVisualStudioVersion = 10.0.40219.1
Project("{FAE04EC0-301F-11D3-BF4B-00C04F79EFBC}") = "Exercise", "Exercise\Exercise.csproj", "{4C64A15E-6BDF-4DD9-831C-FCB2B7206610}"
EndProject
Project("{FAE04EC0-301F-11D3-BF4B-00C04F79EFBC}") = "WFExercise", "WFExercise\WFExercise.csproj", "{03E64175-0403-4095-8A76-9C59425CCAE5}"
EndProject
Project("{FAE04EC0-301F-11D3-BF4B-00C04F79EFBC}") = "WinFromCase", "WinFromCase\WinFromCase.csproj", "{1A469D85-9F3E-44EF-BC71-E69D5164B547}"
EndProject
Global
	GlobalSection(SolutionConfigurationPlatforms) = preSolution
		Debug|Any CPU = Debug|Any CPU
		Release|Any CPU = Release|Any CPU
	EndGlobalSection
	GlobalSection(ProjectConfigurationPlatforms) = postSolution
		{4C64A15E-6BDF-4DD9-831C-FCB2B7206610}.Debug|Any CPU.ActiveCfg = Debug|Any CPU
		{4C64A15E-6BDF-4DD9-831C-FCB2B7206610}.Debug|Any CPU.Build.0 = Debug|Any CPU
		{4C64A15E-6BDF-4DD9-831C-FCB2B7206610}.Release|Any CPU.ActiveCfg = Release|Any CPU
		{4C64A15E-6BDF-4DD9-831C-FCB2B7206610}.Release|Any CPU.Build.0 = Release|Any CPU
		{03E64175-0403-4095-8A76-9C59425CCAE5}.Debug|Any CPU.ActiveCfg = Debug|Any CPU
		{03E64175-0403-4095-8A76-9C59425CCAE5}.Debug|Any CPU.Build.0 = Debug|Any CPU
		{03E64175-0403-4095-8A76-9C59425CCAE5}.Release|Any CPU.ActiveCfg = Release|Any CPU
		{03E64175-0403-4095-8A76-9C59425CCAE5}.Release|Any CPU.Build.0 = Release|Any CPU
		{1A469D85-9F3E-44EF-BC71-E69D5164B547}.Debug|Any CPU.ActiveCfg = Debug|Any CPU
		{1A469D85-9F3E-44EF-BC71-E69D5164B547}.Debug|Any CPU.Build.0 = Debug|Any CPU
		{1A469D85-9F3E-44EF-BC71-E69D5164B547}.Release|Any CPU.ActiveCfg = Release|Any CPU
		{1A469D85-9F3E-44EF-BC71-E69D5164B547}.Release|Any CPU.Build.0 = Release|Any CPU
	EndGlobalSection
	GlobalSection(SolutionProperties) = preSolution
		HideSolutionNode = FALSE
	EndGlobalSection
EndGlobal
