
Microsoft Visual Studio Solution File, Format Version 12.00
# Visual Studio Version 17
VisualStudioVersion = 17.5.002.0
MinimumVisualStudioVersion = 10.0.40219.1
Project("{9A19103F-16F7-4668-BE54-9A1E7A4F7556}") = "polymorphicExer01", "polymorphicExer01.csproj", "{703C7832-46A3-4BFC-B1BE-406AF8D9DCCC}"
EndProject
Global
	GlobalSection(SolutionConfigurationPlatforms) = preSolution
		Debug|Any CPU = Debug|Any CPU
		Release|Any CPU = Release|Any CPU
	EndGlobalSection
	GlobalSection(ProjectConfigurationPlatforms) = postSolution
		{703C7832-46A3-4BFC-B1BE-406AF8D9DCCC}.Debug|Any CPU.ActiveCfg = Debug|Any CPU
		{703C7832-46A3-4BFC-B1BE-406AF8D9DCCC}.Debug|Any CPU.Build.0 = Debug|Any CPU
		{703C7832-46A3-4BFC-B1BE-406AF8D9DCCC}.Release|Any CPU.ActiveCfg = Release|Any CPU
		{703C7832-46A3-4BFC-B1BE-406AF8D9DCCC}.Release|Any CPU.Build.0 = Release|Any CPU
	EndGlobalSection
	GlobalSection(SolutionProperties) = preSolution
		HideSolutionNode = FALSE
	EndGlobalSection
	GlobalSection(ExtensibilityGlobals) = postSolution
		SolutionGuid = {9FED7BE3-D74E-480C-897A-12E27EA15AB4}
	EndGlobalSection
EndGlobal
